
Microsoft Visual Studio Solution File, Format Version 12.00
# Visual Studio Version 17
VisualStudioVersion = 17.0.31903.59
MinimumVisualStudioVersion = 10.0.40219.1
Project("{2150E333-8FDC-42A3-9474-1A3956D46DE8}") = "tests", "tests", "{067FD08D-E0A4-41F7-8902-C495474943EC}"
EndProject
Project("{FAE04EC0-301F-11D3-BF4B-00C04F79EFBC}") = "gotopts.Tests", "tests\gotopts.Tests\gotopts.Tests.csproj", "{290FE016-6888-4101-BB86-508D6155DC7D}"
EndProject
Project("{2150E333-8FDC-42A3-9474-1A3956D46DE8}") = "src", "src", "{6D92E068-5825-4425-8AB4-778CF160CBF2}"
EndProject
Project("{FAE04EC0-301F-11D3-BF4B-00C04F79EFBC}") = "gotopts", "src\gotopts\gotopts.csproj", "{6AD8B616-B6B5-4F2C-B1F1-2CC55B77C225}"
EndProject
Global
	GlobalSection(SolutionConfigurationPlatforms) = preSolution
		Debug|Any CPU = Debug|Any CPU
		Release|Any CPU = Release|Any CPU
	EndGlobalSection
	GlobalSection(SolutionProperties) = preSolution
		HideSolutionNode = FALSE
	EndGlobalSection
	GlobalSection(ProjectConfigurationPlatforms) = postSolution
		{290FE016-6888-4101-BB86-508D6155DC7D}.Debug|Any CPU.ActiveCfg = Debug|Any CPU
		{290FE016-6888-4101-BB86-508D6155DC7D}.Debug|Any CPU.Build.0 = Debug|Any CPU
		{290FE016-6888-4101-BB86-508D6155DC7D}.Release|Any CPU.ActiveCfg = Release|Any CPU
		{290FE016-6888-4101-BB86-508D6155DC7D}.Release|Any CPU.Build.0 = Release|Any CPU
		{6AD8B616-B6B5-4F2C-B1F1-2CC55B77C225}.Debug|Any CPU.ActiveCfg = Debug|Any CPU
		{6AD8B616-B6B5-4F2C-B1F1-2CC55B77C225}.Debug|Any CPU.Build.0 = Debug|Any CPU
		{6AD8B616-B6B5-4F2C-B1F1-2CC55B77C225}.Release|Any CPU.ActiveCfg = Release|Any CPU
		{6AD8B616-B6B5-4F2C-B1F1-2CC55B77C225}.Release|Any CPU.Build.0 = Release|Any CPU
	EndGlobalSection
	GlobalSection(NestedProjects) = preSolution
		{290FE016-6888-4101-BB86-508D6155DC7D} = {067FD08D-E0A4-41F7-8902-C495474943EC}
		{6AD8B616-B6B5-4F2C-B1F1-2CC55B77C225} = {6D92E068-5825-4425-8AB4-778CF160CBF2}
	EndGlobalSection
EndGlobal
